// !$*UTF8*$!
{
	archiveVersion = 1;
	classes = {
	};
	objectVersion = 46;
	objects = {

/* Begin PBXBuildFile section */
		1D2DE1B2182E096B0037CCEF /* Foundation.framework in Frameworks */ = {isa = PBXBuildFile; fileRef = 1D2DE1B1182E096B0037CCEF /* Foundation.framework */; };
		1D2DE1B4182E096B0037CCEF /* CoreGraphics.framework in Frameworks */ = {isa = PBXBuildFile; fileRef = 1D2DE1B3182E096B0037CCEF /* CoreGraphics.framework */; };
		1D2DE1B6182E096B0037CCEF /* UIKit.framework in Frameworks */ = {isa = PBXBuildFile; fileRef = 1D2DE1B5182E096B0037CCEF /* UIKit.framework */; };
		1D2DE1B8182E096B0037CCEF /* CoreData.framework in Frameworks */ = {isa = PBXBuildFile; fileRef = 1D2DE1B7182E096B0037CCEF /* CoreData.framework */; };
		1D2DE1BE182E096B0037CCEF /* InfoPlist.strings in Resources */ = {isa = PBXBuildFile; fileRef = 1D2DE1BC182E096B0037CCEF /* InfoPlist.strings */; };
		1D2DE1C0182E096B0037CCEF /* main.m in Sources */ = {isa = PBXBuildFile; fileRef = 1D2DE1BF182E096B0037CCEF /* main.m */; };
		1D2DE1C4182E096B0037CCEF /* AppDelegate.m in Sources */ = {isa = PBXBuildFile; fileRef = 1D2DE1C3182E096B0037CCEF /* AppDelegate.m */; };
		1D2DE1C7182E096B0037CCEF /* TextClerk.xcdatamodeld in Sources */ = {isa = PBXBuildFile; fileRef = 1D2DE1C5182E096B0037CCEF /* TextClerk.xcdatamodeld */; };
		1D2DE1C9182E096B0037CCEF /* Images.xcassets in Resources */ = {isa = PBXBuildFile; fileRef = 1D2DE1C8182E096B0037CCEF /* Images.xcassets */; };
		1D2DE1D0182E096B0037CCEF /* XCTest.framework in Frameworks */ = {isa = PBXBuildFile; fileRef = 1D2DE1CF182E096B0037CCEF /* XCTest.framework */; };
		1D2DE1D1182E096B0037CCEF /* Foundation.framework in Frameworks */ = {isa = PBXBuildFile; fileRef = 1D2DE1B1182E096B0037CCEF /* Foundation.framework */; };
		1D2DE1D2182E096B0037CCEF /* UIKit.framework in Frameworks */ = {isa = PBXBuildFile; fileRef = 1D2DE1B5182E096B0037CCEF /* UIKit.framework */; };
		1D2DE1D3182E096B0037CCEF /* CoreData.framework in Frameworks */ = {isa = PBXBuildFile; fileRef = 1D2DE1B7182E096B0037CCEF /* CoreData.framework */; };
		1D2DE1DB182E096B0037CCEF /* InfoPlist.strings in Resources */ = {isa = PBXBuildFile; fileRef = 1D2DE1D9182E096B0037CCEF /* InfoPlist.strings */; };
		1D2DE1DD182E096B0037CCEF /* TextClerkTests.m in Sources */ = {isa = PBXBuildFile; fileRef = 1D2DE1DC182E096B0037CCEF /* TextClerkTests.m */; };
/* End PBXBuildFile section */

/* Begin PBXContainerItemProxy section */
		1D2DE1D4182E096B0037CCEF /* PBXContainerItemProxy */ = {
			isa = PBXContainerItemProxy;
			containerPortal = 1D2DE1A6182E096B0037CCEF /* Project object */;
			proxyType = 1;
			remoteGlobalIDString = 1D2DE1AD182E096B0037CCEF;
			remoteInfo = TextClerk;
		};
/* End PBXContainerItemProxy section */

/* Begin PBXFileReference section */
		1D2DE1AE182E096B0037CCEF /* TextClerk.app */ = {isa = PBXFileReference; explicitFileType = wrapper.application; includeInIndex = 0; path = TextClerk.app; sourceTree = BUILT_PRODUCTS_DIR; };
		1D2DE1B1182E096B0037CCEF /* Foundation.framework */ = {isa = PBXFileReference; lastKnownFileType = wrapper.framework; name = Foundation.framework; path = System/Library/Frameworks/Foundation.framework; sourceTree = SDKROOT; };
		1D2DE1B3182E096B0037CCEF /* CoreGraphics.framework */ = {isa = PBXFileReference; lastKnownFileType = wrapper.framework; name = CoreGraphics.framework; path = System/Library/Frameworks/CoreGraphics.framework; sourceTree = SDKROOT; };
		1D2DE1B5182E096B0037CCEF /* UIKit.framework */ = {isa = PBXFileReference; lastKnownFileType = wrapper.framework; name = UIKit.framework; path = System/Library/Frameworks/UIKit.framework; sourceTree = SDKROOT; };
		1D2DE1B7182E096B0037CCEF /* CoreData.framework */ = {isa = PBXFileReference; lastKnownFileType = wrapper.framework; name = CoreData.framework; path = System/Library/Frameworks/CoreData.framework; sourceTree = SDKROOT; };
		1D2DE1BB182E096B0037CCEF /* TextClerk-Info.plist */ = {isa = PBXFileReference; lastKnownFileType = text.plist.xml; path = "TextClerk-Info.plist"; sourceTree = "<group>"; };
		1D2DE1BD182E096B0037CCEF /* en */ = {isa = PBXFileReference; lastKnownFileType = text.plist.strings; name = en; path = en.lproj/InfoPlist.strings; sourceTree = "<group>"; };
		1D2DE1BF182E096B0037CCEF /* main.m */ = {isa = PBXFileReference; lastKnownFileType = sourcecode.c.objc; path = main.m; sourceTree = "<group>"; };
		1D2DE1C1182E096B0037CCEF /* TextClerk-Prefix.pch */ = {isa = PBXFileReference; lastKnownFileType = sourcecode.c.h; path = "TextClerk-Prefix.pch"; sourceTree = "<group>"; };
		1D2DE1C2182E096B0037CCEF /* AppDelegate.h */ = {isa = PBXFileReference; lastKnownFileType = sourcecode.c.h; path = AppDelegate.h; sourceTree = "<group>"; };
		1D2DE1C3182E096B0037CCEF /* AppDelegate.m */ = {isa = PBXFileReference; lastKnownFileType = sourcecode.c.objc; path = AppDelegate.m; sourceTree = "<group>"; };
		1D2DE1C6182E096B0037CCEF /* TextClerk.xcdatamodel */ = {isa = PBXFileReference; lastKnownFileType = wrapper.xcdatamodel; path = TextClerk.xcdatamodel; sourceTree = "<group>"; };
		1D2DE1C8182E096B0037CCEF /* Images.xcassets */ = {isa = PBXFileReference; lastKnownFileType = folder.assetcatalog; path = Images.xcassets; sourceTree = "<group>"; };
		1D2DE1CE182E096B0037CCEF /* TextClerkTests.xctest */ = {isa = PBXFileReference; explicitFileType = wrapper.cfbundle; includeInIndex = 0; path = TextClerkTests.xctest; sourceTree = BUILT_PRODUCTS_DIR; };
		1D2DE1CF182E096B0037CCEF /* XCTest.framework */ = {isa = PBXFileReference; lastKnownFileType = wrapper.framework; name = XCTest.framework; path = Library/Frameworks/XCTest.framework; sourceTree = DEVELOPER_DIR; };
		1D2DE1D8182E096B0037CCEF /* TextClerkTests-Info.plist */ = {isa = PBXFileReference; lastKnownFileType = text.plist.xml; path = "TextClerkTests-Info.plist"; sourceTree = "<group>"; };
		1D2DE1DA182E096B0037CCEF /* en */ = {isa = PBXFileReference; lastKnownFileType = text.plist.strings; name = en; path = en.lproj/InfoPlist.strings; sourceTree = "<group>"; };
		1D2DE1DC182E096B0037CCEF /* TextClerkTests.m */ = {isa = PBXFileReference; lastKnownFileType = sourcecode.c.objc; path = TextClerkTests.m; sourceTree = "<group>"; };
/* End PBXFileReference section */

/* Begin PBXFrameworksBuildPhase section */
		1D2DE1AB182E096B0037CCEF /* Frameworks */ = {
			isa = PBXFrameworksBuildPhase;
			buildActionMask = 2147483647;
			files = (
				1D2DE1B4182E096B0037CCEF /* CoreGraphics.framework in Frameworks */,
				1D2DE1B8182E096B0037CCEF /* CoreData.framework in Frameworks */,
				1D2DE1B6182E096B0037CCEF /* UIKit.framework in Frameworks */,
				1D2DE1B2182E096B0037CCEF /* Foundation.framework in Frameworks */,
			);
			runOnlyForDeploymentPostprocessing = 0;
		};
		1D2DE1CB182E096B0037CCEF /* Frameworks */ = {
			isa = PBXFrameworksBuildPhase;
			buildActionMask = 2147483647;
			files = (
				1D2DE1D0182E096B0037CCEF /* XCTest.framework in Frameworks */,
				1D2DE1D3182E096B0037CCEF /* CoreData.framework in Frameworks */,
				1D2DE1D2182E096B0037CCEF /* UIKit.framework in Frameworks */,
				1D2DE1D1182E096B0037CCEF /* Foundation.framework in Frameworks */,
			);
			runOnlyForDeploymentPostprocessing = 0;
		};
/* End PBXFrameworksBuildPhase section */

/* Begin PBXGroup section */
		1D2DE1A5182E096B0037CCEF = {
			isa = PBXGroup;
			children = (
				1D2DE1B9182E096B0037CCEF /* TextClerk */,
				1D2DE1D6182E096B0037CCEF /* TextClerkTests */,
				1D2DE1B0182E096B0037CCEF /* Frameworks */,
				1D2DE1AF182E096B0037CCEF /* Products */,
			);
			sourceTree = "<group>";
		};
		1D2DE1AF182E096B0037CCEF /* Products */ = {
			isa = PBXGroup;
			children = (
				1D2DE1AE182E096B0037CCEF /* TextClerk.app */,
				1D2DE1CE182E096B0037CCEF /* TextClerkTests.xctest */,
			);
			name = Products;
			sourceTree = "<group>";
		};
		1D2DE1B0182E096B0037CCEF /* Frameworks */ = {
			isa = PBXGroup;
			children = (
				1D2DE1B1182E096B0037CCEF /* Foundation.framework */,
				1D2DE1B3182E096B0037CCEF /* CoreGraphics.framework */,
				1D2DE1B5182E096B0037CCEF /* UIKit.framework */,
				1D2DE1B7182E096B0037CCEF /* CoreData.framework */,
				1D2DE1CF182E096B0037CCEF /* XCTest.framework */,
			);
			name = Frameworks;
			sourceTree = "<group>";
		};
		1D2DE1B9182E096B0037CCEF /* TextClerk */ = {
			isa = PBXGroup;
			children = (
				1D2DE1C2182E096B0037CCEF /* AppDelegate.h */,
				1D2DE1C3182E096B0037CCEF /* AppDelegate.m */,
				1D2DE1C8182E096B0037CCEF /* Images.xcassets */,
				1D2DE1C5182E096B0037CCEF /* TextClerk.xcdatamodeld */,
				1D2DE1BA182E096B0037CCEF /* Supporting Files */,
			);
			path = TextClerk;
			sourceTree = "<group>";
		};
		1D2DE1BA182E096B0037CCEF /* Supporting Files */ = {
			isa = PBXGroup;
			children = (
				1D2DE1BB182E096B0037CCEF /* TextClerk-Info.plist */,
				1D2DE1BC182E096B0037CCEF /* InfoPlist.strings */,
				1D2DE1BF182E096B0037CCEF /* main.m */,
				1D2DE1C1182E096B0037CCEF /* TextClerk-Prefix.pch */,
			);
			name = "Supporting Files";
			sourceTree = "<group>";
		};
		1D2DE1D6182E096B0037CCEF /* TextClerkTests */ = {
			isa = PBXGroup;
			children = (
				1D2DE1DC182E096B0037CCEF /* TextClerkTests.m */,
				1D2DE1D7182E096B0037CCEF /* Supporting Files */,
			);
			path = TextClerkTests;
			sourceTree = "<group>";
		};
		1D2DE1D7182E096B0037CCEF /* Supporting Files */ = {
			isa = PBXGroup;
			children = (
				1D2DE1D8182E096B0037CCEF /* TextClerkTests-Info.plist */,
				1D2DE1D9182E096B0037CCEF /* InfoPlist.strings */,
			);
			name = "Supporting Files";
			sourceTree = "<group>";
		};
/* End PBXGroup section */

/* Begin PBXNativeTarget section */
		1D2DE1AD182E096B0037CCEF /* TextClerk */ = {
			isa = PBXNativeTarget;
			buildConfigurationList = 1D2DE1E0182E096B0037CCEF /* Build configuration list for PBXNativeTarget "TextClerk" */;
			buildPhases = (
				1D2DE1AA182E096B0037CCEF /* Sources */,
				1D2DE1AB182E096B0037CCEF /* Frameworks */,
				1D2DE1AC182E096B0037CCEF /* Resources */,
			);
			buildRules = (
			);
			dependencies = (
			);
			name = TextClerk;
			productName = TextClerk;
			productReference = 1D2DE1AE182E096B0037CCEF /* TextClerk.app */;
			productType = "com.apple.product-type.application";
		};
		1D2DE1CD182E096B0037CCEF /* TextClerkTests */ = {
			isa = PBXNativeTarget;
			buildConfigurationList = 1D2DE1E3182E096B0037CCEF /* Build configuration list for PBXNativeTarget "TextClerkTests" */;
			buildPhases = (
				1D2DE1CA182E096B0037CCEF /* Sources */,
				1D2DE1CB182E096B0037CCEF /* Frameworks */,
				1D2DE1CC182E096B0037CCEF /* Resources */,
			);
			buildRules = (
			);
			dependencies = (
				1D2DE1D5182E096B0037CCEF /* PBXTargetDependency */,
			);
			name = TextClerkTests;
			productName = TextClerkTests;
			productReference = 1D2DE1CE182E096B0037CCEF /* TextClerkTests.xctest */;
			productType = "com.apple.product-type.bundle.unit-test";
		};
/* End PBXNativeTarget section */

/* Begin PBXProject section */
		1D2DE1A6182E096B0037CCEF /* Project object */ = {
			isa = PBXProject;
			attributes = {
				LastUpgradeCheck = 0500;
				ORGANIZATIONNAME = "Kyle Charron";
				TargetAttributes = {
					1D2DE1CD182E096B0037CCEF = {
						TestTargetID = 1D2DE1AD182E096B0037CCEF;
					};
				};
			};
			buildConfigurationList = 1D2DE1A9182E096B0037CCEF /* Build configuration list for PBXProject "TextClerk" */;
			compatibilityVersion = "Xcode 3.2";
			developmentRegion = English;
			hasScannedForEncodings = 0;
			knownRegions = (
				en,
			);
			mainGroup = 1D2DE1A5182E096B0037CCEF;
			productRefGroup = 1D2DE1AF182E096B0037CCEF /* Products */;
			projectDirPath = "";
			projectRoot = "";
			targets = (
				1D2DE1AD182E096B0037CCEF /* TextClerk */,
				1D2DE1CD182E096B0037CCEF /* TextClerkTests */,
			);
		};
/* End PBXProject section */

/* Begin PBXResourcesBuildPhase section */
		1D2DE1AC182E096B0037CCEF /* Resources */ = {
			isa = PBXResourcesBuildPhase;
			buildActionMask = 2147483647;
			files = (
				1D2DE1BE182E096B0037CCEF /* InfoPlist.strings in Resources */,
				1D2DE1C9182E096B0037CCEF /* Images.xcassets in Resources */,
			);
			runOnlyForDeploymentPostprocessing = 0;
		};
		1D2DE1CC182E096B0037CCEF /* Resources */ = {
			isa = PBXResourcesBuildPhase;
			buildActionMask = 2147483647;
			files = (
				1D2DE1DB182E096B0037CCEF /* InfoPlist.strings in Resources */,
			);
			runOnlyForDeploymentPostprocessing = 0;
		};
/* End PBXResourcesBuildPhase section */

/* Begin PBXSourcesBuildPhase section */
		1D2DE1AA182E096B0037CCEF /* Sources */ = {
			isa = PBXSourcesBuildPhase;
			buildActionMask = 2147483647;
			files = (
				1D2DE1C4182E096B0037CCEF /* AppDelegate.m in Sources */,
				1D2DE1C7182E096B0037CCEF /* TextClerk.xcdatamodeld in Sources */,
				1D2DE1C0182E096B0037CCEF /* main.m in Sources */,
			);
			runOnlyForDeploymentPostprocessing = 0;
		};
		1D2DE1CA182E096B0037CCEF /* Sources */ = {
			isa = PBXSourcesBuildPhase;
			buildActionMask = 2147483647;
			files = (
				1D2DE1DD182E096B0037CCEF /* TextClerkTests.m in Sources */,
			);
			runOnlyForDeploymentPostprocessing = 0;
		};
/* End PBXSourcesBuildPhase section */

/* Begin PBXTargetDependency section */
		1D2DE1D5182E096B0037CCEF /* PBXTargetDependency */ = {
			isa = PBXTargetDependency;
			target = 1D2DE1AD182E096B0037CCEF /* TextClerk */;
			targetProxy = 1D2DE1D4182E096B0037CCEF /* PBXContainerItemProxy */;
		};
/* End PBXTargetDependency section */

/* Begin PBXVariantGroup section */
		1D2DE1BC182E096B0037CCEF /* InfoPlist.strings */ = {
			isa = PBXVariantGroup;
			children = (
				1D2DE1BD182E096B0037CCEF /* en */,
			);
			name = InfoPlist.strings;
			sourceTree = "<group>";
		};
		1D2DE1D9182E096B0037CCEF /* InfoPlist.strings */ = {
			isa = PBXVariantGroup;
			children = (
				1D2DE1DA182E096B0037CCEF /* en */,
			);
			name = InfoPlist.strings;
			sourceTree = "<group>";
		};
/* End PBXVariantGroup section */

/* Begin XCBuildConfiguration section */
		1D2DE1DE182E096B0037CCEF /* Debug */ = {
			isa = XCBuildConfiguration;
			buildSettings = {
				ALWAYS_SEARCH_USER_PATHS = NO;
				ARCHS = "$(ARCHS_STANDARD_INCLUDING_64_BIT)";
				CLANG_CXX_LANGUAGE_STANDARD = "gnu++0x";
				CLANG_CXX_LIBRARY = "libc++";
				CLANG_ENABLE_MODULES = YES;
				CLANG_ENABLE_OBJC_ARC = YES;
				CLANG_WARN_BOOL_CONVERSION = YES;
				CLANG_WARN_CONSTANT_CONVERSION = YES;
				CLANG_WARN_DIRECT_OBJC_ISA_USAGE = YES_ERROR;
				CLANG_WARN_EMPTY_BODY = YES;
				CLANG_WARN_ENUM_CONVERSION = YES;
				CLANG_WARN_INT_CONVERSION = YES;
				CLANG_WARN_OBJC_ROOT_CLASS = YES_ERROR;
				CLANG_WARN__DUPLICATE_METHOD_MATCH = YES;
				"CODE_SIGN_IDENTITY[sdk=iphoneos*]" = "iPhone Developer";
				COPY_PHASE_STRIP = NO;
				GCC_C_LANGUAGE_STANDARD = gnu99;
				GCC_DYNAMIC_NO_PIC = NO;
				GCC_OPTIMIZATION_LEVEL = 0;
				GCC_PREPROCESSOR_DEFINITIONS = (
					"DEBUG=1",
					"$(inherited)",
				);
				GCC_SYMBOLS_PRIVATE_EXTERN = NO;
				GCC_WARN_64_TO_32_BIT_CONVERSION = YES;
				GCC_WARN_ABOUT_RETURN_TYPE = YES_ERROR;
				GCC_WARN_UNDECLARED_SELECTOR = YES;
				GCC_WARN_UNINITIALIZED_AUTOS = YES;
				GCC_WARN_UNUSED_FUNCTION = YES;
				GCC_WARN_UNUSED_VARIABLE = YES;
				IPHONEOS_DEPLOYMENT_TARGET = 7.0;
				ONLY_ACTIVE_ARCH = YES;
				SDKROOT = iphoneos;
			};
			name = Debug;
		};
		1D2DE1DF182E096B0037CCEF /* Release */ = {
			isa = XCBuildConfiguration;
			buildSettings = {
				ALWAYS_SEARCH_USER_PATHS = NO;
				ARCHS = "$(ARCHS_STANDARD_INCLUDING_64_BIT)";
				CLANG_CXX_LANGUAGE_STANDARD = "gnu++0x";
				CLANG_CXX_LIBRARY = "libc++";
				CLANG_ENABLE_MODULES = YES;
				CLANG_ENABLE_OBJC_ARC = YES;
				CLANG_WARN_BOOL_CONVERSION = YES;
				CLANG_WARN_CONSTANT_CONVERSION = YES;
				CLANG_WARN_DIRECT_OBJC_ISA_USAGE = YES_ERROR;
				CLANG_WARN_EMPTY_BODY = YES;
				CLANG_WARN_ENUM_CONVERSION = YES;
				CLANG_WARN_INT_CONVERSION = YES;
				CLANG_WARN_OBJC_ROOT_CLASS = YES_ERROR;
				CLANG_WARN__DUPLICATE_METHOD_MATCH = YES;
				"CODE_SIGN_IDENTITY[sdk=iphoneos*]" = "iPhone Developer";
				COPY_PHASE_STRIP = YES;
				ENABLE_NS_ASSERTIONS = NO;
				GCC_C_LANGUAGE_STANDARD = gnu99;
				GCC_WARN_64_TO_32_BIT_CONVERSION = YES;
				GCC_WARN_ABOUT_RETURN_TYPE = YES_ERROR;
				GCC_WARN_UNDECLARED_SELECTOR = YES;
				GCC_WARN_UNINITIALIZED_AUTOS = YES;
				GCC_WARN_UNUSED_FUNCTION = YES;
				GCC_WARN_UNUSED_VARIABLE = YES;
				IPHONEOS_DEPLOYMENT_TARGET = 7.0;
				SDKROOT = iphoneos;
				VALIDATE_PRODUCT = YES;
			};
			name = Release;
		};
		1D2DE1E1182E096B0037CCEF /* Debug */ = {
			isa = XCBuildConfiguration;
			buildSettings = {
				ASSETCATALOG_COMPILER_APPICON_NAME = AppIcon;
				ASSETCATALOG_COMPILER_LAUNCHIMAGE_NAME = LaunchImage;
				GCC_PRECOMPILE_PREFIX_HEADER = YES;
				GCC_PREFIX_HEADER = "TextClerk/TextClerk-Prefix.pch";
				INFOPLIST_FILE = "TextClerk/TextClerk-Info.plist";
				PRODUCT_NAME = "$(TARGET_NAME)";
				WRAPPER_EXTENSION = app;
			};
			name = Debug;
		};
		1D2DE1E2182E096B0037CCEF /* Release */ = {
			isa = XCBuildConfiguration;
			buildSettings = {
				ASSETCATALOG_COMPILER_APPICON_NAME = AppIcon;
				ASSETCATALOG_COMPILER_LAUNCHIMAGE_NAME = LaunchImage;
				GCC_PRECOMPILE_PREFIX_HEADER = YES;
				GCC_PREFIX_HEADER = "TextClerk/TextClerk-Prefix.pch";
				INFOPLIST_FILE = "TextClerk/TextClerk-Info.plist";
				PRODUCT_NAME = "$(TARGET_NAME)";
				WRAPPER_EXTENSION = app;
			};
			name = Release;
		};
		1D2DE1E4182E096B0037CCEF /* Debug */ = {
			isa = XCBuildConfiguration;
			buildSettings = {
				ARCHS = "$(ARCHS_STANDARD_INCLUDING_64_BIT)";
				BUNDLE_LOADER = "$(BUILT_PRODUCTS_DIR)/TextClerk.app/TextClerk";
				FRAMEWORK_SEARCH_PATHS = (
					"$(SDKROOT)/Developer/Library/Frameworks",
					"$(inherited)",
					"$(DEVELOPER_FRAMEWORKS_DIR)",
				);
				GCC_PRECOMPILE_PREFIX_HEADER = YES;
				GCC_PREFIX_HEADER = "TextClerk/TextClerk-Prefix.pch";
				GCC_PREPROCESSOR_DEFINITIONS = (
					"DEBUG=1",
					"$(inherited)",
				);
				INFOPLIST_FILE = "TextClerkTests/TextClerkTests-Info.plist";
				PRODUCT_NAME = "$(TARGET_NAME)";
				TEST_HOST = "$(BUNDLE_LOADER)";
				WRAPPER_EXTENSION = xctest;
			};
			name = Debug;
		};
		1D2DE1E5182E096B0037CCEF /* Release */ = {
			isa = XCBuildConfiguration;
			buildSettings = {
				ARCHS = "$(ARCHS_STANDARD_INCLUDING_64_BIT)";
				BUNDLE_LOADER = "$(BUILT_PRODUCTS_DIR)/TextClerk.app/TextClerk";
				FRAMEWORK_SEARCH_PATHS = (
					"$(SDKROOT)/Developer/Library/Frameworks",
					"$(inherited)",
					"$(DEVELOPER_FRAMEWORKS_DIR)",
				);
				GCC_PRECOMPILE_PREFIX_HEADER = YES;
				GCC_PREFIX_HEADER = "TextClerk/TextClerk-Prefix.pch";
				INFOPLIST_FILE = "TextClerkTests/TextClerkTests-Info.plist";
				PRODUCT_NAME = "$(TARGET_NAME)";
				TEST_HOST = "$(BUNDLE_LOADER)";
				WRAPPER_EXTENSION = xctest;
			};
			name = Release;
		};
/* End XCBuildConfiguration section */

/* Begin XCConfigurationList section */
		1D2DE1A9182E096B0037CCEF /* Build configuration list for PBXProject "TextClerk" */ = {
			isa = XCConfigurationList;
			buildConfigurations = (
				1D2DE1DE182E096B0037CCEF /* Debug */,
				1D2DE1DF182E096B0037CCEF /* Release */,
			);
			defaultConfigurationIsVisible = 0;
			defaultConfigurationName = Release;
		};
		1D2DE1E0182E096B0037CCEF /* Build configuration list for PBXNativeTarget "TextClerk" */ = {
			isa = XCConfigurationList;
			buildConfigurations = (
				1D2DE1E1182E096B0037CCEF /* Debug */,
				1D2DE1E2182E096B0037CCEF /* Release */,
			);
			defaultConfigurationIsVisible = 0;
		};
		1D2DE1E3182E096B0037CCEF /* Build configuration list for PBXNativeTarget "TextClerkTests" */ = {
			isa = XCConfigurationList;
			buildConfigurations = (
				1D2DE1E4182E096B0037CCEF /* Debug */,
				1D2DE1E5182E096B0037CCEF /* Release */,
			);
			defaultConfigurationIsVisible = 0;
		};
/* End XCConfigurationList section */

/* Begin XCVersionGroup section */
		1D2DE1C5182E096B0037CCEF /* TextClerk.xcdatamodeld */ = {
			isa = XCVersionGroup;
			children = (
				1D2DE1C6182E096B0037CCEF /* TextClerk.xcdatamodel */,
			);
			currentVersion = 1D2DE1C6182E096B0037CCEF /* TextClerk.xcdatamodel */;
			path = TextClerk.xcdatamodeld;
			sourceTree = "<group>";
			versionGroupType = wrapper.xcdatamodel;
		};
/* End XCVersionGroup section */
	};
	rootObject = 1D2DE1A6182E096B0037CCEF /* Project object */;
}
